// !$*UTF8*$!
{
	archiveVersion = 1;
	classes = {
	};
	objectVersion = 56;
	objects = {

/* Begin PBXBuildFile section */
		52907CD42C2C6D4B008E4CBB /* Klarity_Final_ProjectApp.swift in Sources */ = {isa = PBXBuildFile; fileRef = 52907CD32C2C6D4B008E4CBB /* Klarity_Final_ProjectApp.swift */; };
		52907CD62C2C6D4B008E4CBB /* ContentView.swift in Sources */ = {isa = PBXBuildFile; fileRef = 52907CD52C2C6D4B008E4CBB /* ContentView.swift */; };
		52907CD82C2C6D4D008E4CBB /* Assets.xcassets in Resources */ = {isa = PBXBuildFile; fileRef = 52907CD72C2C6D4D008E4CBB /* Assets.xcassets */; };
		52907CDB2C2C6D4D008E4CBB /* Preview Assets.xcassets in Resources */ = {isa = PBXBuildFile; fileRef = 52907CDA2C2C6D4D008E4CBB /* Preview Assets.xcassets */; };
		52907CE52C2C6D4E008E4CBB /* Klarity_Final_ProjectTests.swift in Sources */ = {isa = PBXBuildFile; fileRef = 52907CE42C2C6D4E008E4CBB /* Klarity_Final_ProjectTests.swift */; };
		52907CEF2C2C6D4E008E4CBB /* Klarity_Final_ProjectUITests.swift in Sources */ = {isa = PBXBuildFile; fileRef = 52907CEE2C2C6D4E008E4CBB /* Klarity_Final_ProjectUITests.swift */; };
		52907CF12C2C6D4E008E4CBB /* Klarity_Final_ProjectUITestsLaunchTests.swift in Sources */ = {isa = PBXBuildFile; fileRef = 52907CF02C2C6D4E008E4CBB /* Klarity_Final_ProjectUITestsLaunchTests.swift */; };
/* End PBXBuildFile section */

/* Begin PBXContainerItemProxy section */
		52907CE12C2C6D4E008E4CBB /* PBXContainerItemProxy */ = {
			isa = PBXContainerItemProxy;
			containerPortal = 52907CC82C2C6D4B008E4CBB /* Project object */;
			proxyType = 1;
			remoteGlobalIDString = 52907CCF2C2C6D4B008E4CBB;
			remoteInfo = "Klarity Final Project";
		};
		52907CEB2C2C6D4E008E4CBB /* PBXContainerItemProxy */ = {
			isa = PBXContainerItemProxy;
			containerPortal = 52907CC82C2C6D4B008E4CBB /* Project object */;
			proxyType = 1;
			remoteGlobalIDString = 52907CCF2C2C6D4B008E4CBB;
			remoteInfo = "Klarity Final Project";
		};
/* End PBXContainerItemProxy section */

/* Begin PBXFileReference section */
		52907CD02C2C6D4B008E4CBB /* Klarity Final Project.app */ = {isa = PBXFileReference; explicitFileType = wrapper.application; includeInIndex = 0; path = "Klarity Final Project.app"; sourceTree = BUILT_PRODUCTS_DIR; };
		52907CD32C2C6D4B008E4CBB /* Klarity_Final_ProjectApp.swift */ = {isa = PBXFileReference; lastKnownFileType = sourcecode.swift; path = Klarity_Final_ProjectApp.swift; sourceTree = "<group>"; };
		52907CD52C2C6D4B008E4CBB /* ContentView.swift */ = {isa = PBXFileReference; lastKnownFileType = sourcecode.swift; path = ContentView.swift; sourceTree = "<group>"; };
		52907CD72C2C6D4D008E4CBB /* Assets.xcassets */ = {isa = PBXFileReference; lastKnownFileType = folder.assetcatalog; path = Assets.xcassets; sourceTree = "<group>"; };
		52907CDA2C2C6D4D008E4CBB /* Preview Assets.xcassets */ = {isa = PBXFileReference; lastKnownFileType = folder.assetcatalog; path = "Preview Assets.xcassets"; sourceTree = "<group>"; };
		52907CE02C2C6D4E008E4CBB /* Klarity Final ProjectTests.xctest */ = {isa = PBXFileReference; explicitFileType = wrapper.cfbundle; includeInIndex = 0; path = "Klarity Final ProjectTests.xctest"; sourceTree = BUILT_PRODUCTS_DIR; };
		52907CE42C2C6D4E008E4CBB /* Klarity_Final_ProjectTests.swift */ = {isa = PBXFileReference; lastKnownFileType = sourcecode.swift; path = Klarity_Final_ProjectTests.swift; sourceTree = "<group>"; };
		52907CEA2C2C6D4E008E4CBB /* Klarity Final ProjectUITests.xctest */ = {isa = PBXFileReference; explicitFileType = wrapper.cfbundle; includeInIndex = 0; path = "Klarity Final ProjectUITests.xctest"; sourceTree = BUILT_PRODUCTS_DIR; };
		52907CEE2C2C6D4E008E4CBB /* Klarity_Final_ProjectUITests.swift */ = {isa = PBXFileReference; lastKnownFileType = sourcecode.swift; path = Klarity_Final_ProjectUITests.swift; sourceTree = "<group>"; };
		52907CF02C2C6D4E008E4CBB /* Klarity_Final_ProjectUITestsLaunchTests.swift */ = {isa = PBXFileReference; lastKnownFileType = sourcecode.swift; path = Klarity_Final_ProjectUITestsLaunchTests.swift; sourceTree = "<group>"; };
/* End PBXFileReference section */

/* Begin PBXFrameworksBuildPhase section */
		52907CCD2C2C6D4B008E4CBB /* Frameworks */ = {
			isa = PBXFrameworksBuildPhase;
			buildActionMask = 2147483647;
			files = (
			);
			runOnlyForDeploymentPostprocessing = 0;
		};
		52907CDD2C2C6D4E008E4CBB /* Frameworks */ = {
			isa = PBXFrameworksBuildPhase;
			buildActionMask = 2147483647;
			files = (
			);
			runOnlyForDeploymentPostprocessing = 0;
		};
		52907CE72C2C6D4E008E4CBB /* Frameworks */ = {
			isa = PBXFrameworksBuildPhase;
			buildActionMask = 2147483647;
			files = (
			);
			runOnlyForDeploymentPostprocessing = 0;
		};
/* End PBXFrameworksBuildPhase section */

/* Begin PBXGroup section */
		52907CC72C2C6D4B008E4CBB = {
			isa = PBXGroup;
			children = (
				52907CD22C2C6D4B008E4CBB /* Klarity Final Project */,
				52907CE32C2C6D4E008E4CBB /* Klarity Final ProjectTests */,
				52907CED2C2C6D4E008E4CBB /* Klarity Final ProjectUITests */,
				52907CD12C2C6D4B008E4CBB /* Products */,
			);
			sourceTree = "<group>";
		};
		52907CD12C2C6D4B008E4CBB /* Products */ = {
			isa = PBXGroup;
			children = (
				52907CD02C2C6D4B008E4CBB /* Klarity Final Project.app */,
				52907CE02C2C6D4E008E4CBB /* Klarity Final ProjectTests.xctest */,
				52907CEA2C2C6D4E008E4CBB /* Klarity Final ProjectUITests.xctest */,
			);
			name = Products;
			sourceTree = "<group>";
		};
		52907CD22C2C6D4B008E4CBB /* Klarity Final Project */ = {
			isa = PBXGroup;
			children = (
				52907CD32C2C6D4B008E4CBB /* Klarity_Final_ProjectApp.swift */,
				52907CD52C2C6D4B008E4CBB /* ContentView.swift */,
				52907CD72C2C6D4D008E4CBB /* Assets.xcassets */,
				52907CD92C2C6D4D008E4CBB /* Preview Content */,
			);
			path = "Klarity Final Project";
			sourceTree = "<group>";
		};
		52907CD92C2C6D4D008E4CBB /* Preview Content */ = {
			isa = PBXGroup;
			children = (
				52907CDA2C2C6D4D008E4CBB /* Preview Assets.xcassets */,
			);
			path = "Preview Content";
			sourceTree = "<group>";
		};
		52907CE32C2C6D4E008E4CBB /* Klarity Final ProjectTests */ = {
			isa = PBXGroup;
			children = (
				52907CE42C2C6D4E008E4CBB /* Klarity_Final_ProjectTests.swift */,
			);
			path = "Klarity Final ProjectTests";
			sourceTree = "<group>";
		};
		52907CED2C2C6D4E008E4CBB /* Klarity Final ProjectUITests */ = {
			isa = PBXGroup;
			children = (
				52907CEE2C2C6D4E008E4CBB /* Klarity_Final_ProjectUITests.swift */,
				52907CF02C2C6D4E008E4CBB /* Klarity_Final_ProjectUITestsLaunchTests.swift */,
			);
			path = "Klarity Final ProjectUITests";
			sourceTree = "<group>";
		};
/* End PBXGroup section */

/* Begin PBXNativeTarget section */
		52907CCF2C2C6D4B008E4CBB /* Klarity Final Project */ = {
			isa = PBXNativeTarget;
			buildConfigurationList = 52907CF42C2C6D4E008E4CBB /* Build configuration list for PBXNativeTarget "Klarity Final Project" */;
			buildPhases = (
				52907CCC2C2C6D4B008E4CBB /* Sources */,
				52907CCD2C2C6D4B008E4CBB /* Frameworks */,
				52907CCE2C2C6D4B008E4CBB /* Resources */,
			);
			buildRules = (
			);
			dependencies = (
			);
			name = "Klarity Final Project";
			productName = "Klarity Final Project";
			productReference = 52907CD02C2C6D4B008E4CBB /* Klarity Final Project.app */;
			productType = "com.apple.product-type.application";
		};
		52907CDF2C2C6D4E008E4CBB /* Klarity Final ProjectTests */ = {
			isa = PBXNativeTarget;
			buildConfigurationList = 52907CF72C2C6D4E008E4CBB /* Build configuration list for PBXNativeTarget "Klarity Final ProjectTests" */;
			buildPhases = (
				52907CDC2C2C6D4E008E4CBB /* Sources */,
				52907CDD2C2C6D4E008E4CBB /* Frameworks */,
				52907CDE2C2C6D4E008E4CBB /* Resources */,
			);
			buildRules = (
			);
			dependencies = (
				52907CE22C2C6D4E008E4CBB /* PBXTargetDependency */,
			);
			name = "Klarity Final ProjectTests";
			productName = "Klarity Final ProjectTests";
			productReference = 52907CE02C2C6D4E008E4CBB /* Klarity Final ProjectTests.xctest */;
			productType = "com.apple.product-type.bundle.unit-test";
		};
		52907CE92C2C6D4E008E4CBB /* Klarity Final ProjectUITests */ = {
			isa = PBXNativeTarget;
			buildConfigurationList = 52907CFA2C2C6D4E008E4CBB /* Build configuration list for PBXNativeTarget "Klarity Final ProjectUITests" */;
			buildPhases = (
				52907CE62C2C6D4E008E4CBB /* Sources */,
				52907CE72C2C6D4E008E4CBB /* Frameworks */,
				52907CE82C2C6D4E008E4CBB /* Resources */,
			);
			buildRules = (
			);
			dependencies = (
				52907CEC2C2C6D4E008E4CBB /* PBXTargetDependency */,
			);
			name = "Klarity Final ProjectUITests";
			productName = "Klarity Final ProjectUITests";
			productReference = 52907CEA2C2C6D4E008E4CBB /* Klarity Final ProjectUITests.xctest */;
			productType = "com.apple.product-type.bundle.ui-testing";
		};
/* End PBXNativeTarget section */

/* Begin PBXProject section */
		52907CC82C2C6D4B008E4CBB /* Project object */ = {
			isa = PBXProject;
			attributes = {
				BuildIndependentTargetsInParallel = 1;
				LastSwiftUpdateCheck = 1540;
				LastUpgradeCheck = 1540;
				TargetAttributes = {
					52907CCF2C2C6D4B008E4CBB = {
						CreatedOnToolsVersion = 15.4;
					};
					52907CDF2C2C6D4E008E4CBB = {
						CreatedOnToolsVersion = 15.4;
						TestTargetID = 52907CCF2C2C6D4B008E4CBB;
					};
					52907CE92C2C6D4E008E4CBB = {
						CreatedOnToolsVersion = 15.4;
						TestTargetID = 52907CCF2C2C6D4B008E4CBB;
					};
				};
			};
			buildConfigurationList = 52907CCB2C2C6D4B008E4CBB /* Build configuration list for PBXProject "Klarity Final Project" */;
			compatibilityVersion = "Xcode 14.0";
			developmentRegion = en;
			hasScannedForEncodings = 0;
			knownRegions = (
				en,
				Base,
			);
			mainGroup = 52907CC72C2C6D4B008E4CBB;
			productRefGroup = 52907CD12C2C6D4B008E4CBB /* Products */;
			projectDirPath = "";
			projectRoot = "";
			targets = (
				52907CCF2C2C6D4B008E4CBB /* Klarity Final Project */,
				52907CDF2C2C6D4E008E4CBB /* Klarity Final ProjectTests */,
				52907CE92C2C6D4E008E4CBB /* Klarity Final ProjectUITests */,
			);
		};
/* End PBXProject section */

/* Begin PBXResourcesBuildPhase section */
		52907CCE2C2C6D4B008E4CBB /* Resources */ = {
			isa = PBXResourcesBuildPhase;
			buildActionMask = 2147483647;
			files = (
				52907CDB2C2C6D4D008E4CBB /* Preview Assets.xcassets in Resources */,
				52907CD82C2C6D4D008E4CBB /* Assets.xcassets in Resources */,
			);
			runOnlyForDeploymentPostprocessing = 0;
		};
		52907CDE2C2C6D4E008E4CBB /* Resources */ = {
			isa = PBXResourcesBuildPhase;
			buildActionMask = 2147483647;
			files = (
			);
			runOnlyForDeploymentPostprocessing = 0;
		};
		52907CE82C2C6D4E008E4CBB /* Resources */ = {
			isa = PBXResourcesBuildPhase;
			buildActionMask = 2147483647;
			files = (
			);
			runOnlyForDeploymentPostprocessing = 0;
		};
/* End PBXResourcesBuildPhase section */

/* Begin PBXSourcesBuildPhase section */
		52907CCC2C2C6D4B008E4CBB /* Sources */ = {
			isa = PBXSourcesBuildPhase;
			buildActionMask = 2147483647;
			files = (
				52907CD62C2C6D4B008E4CBB /* ContentView.swift in Sources */,
				52907CD42C2C6D4B008E4CBB /* Klarity_Final_ProjectApp.swift in Sources */,
			);
			runOnlyForDeploymentPostprocessing = 0;
		};
		52907CDC2C2C6D4E008E4CBB /* Sources */ = {
			isa = PBXSourcesBuildPhase;
			buildActionMask = 2147483647;
			files = (
				52907CE52C2C6D4E008E4CBB /* Klarity_Final_ProjectTests.swift in Sources */,
			);
			runOnlyForDeploymentPostprocessing = 0;
		};
		52907CE62C2C6D4E008E4CBB /* Sources */ = {
			isa = PBXSourcesBuildPhase;
			buildActionMask = 2147483647;
			files = (
				52907CF12C2C6D4E008E4CBB /* Klarity_Final_ProjectUITestsLaunchTests.swift in Sources */,
				52907CEF2C2C6D4E008E4CBB /* Klarity_Final_ProjectUITests.swift in Sources */,
			);
			runOnlyForDeploymentPostprocessing = 0;
		};
/* End PBXSourcesBuildPhase section */

/* Begin PBXTargetDependency section */
		52907CE22C2C6D4E008E4CBB /* PBXTargetDependency */ = {
			isa = PBXTargetDependency;
			target = 52907CCF2C2C6D4B008E4CBB /* Klarity Final Project */;
			targetProxy = 52907CE12C2C6D4E008E4CBB /* PBXContainerItemProxy */;
		};
		52907CEC2C2C6D4E008E4CBB /* PBXTargetDependency */ = {
			isa = PBXTargetDependency;
			target = 52907CCF2C2C6D4B008E4CBB /* Klarity Final Project */;
			targetProxy = 52907CEB2C2C6D4E008E4CBB /* PBXContainerItemProxy */;
		};
/* End PBXTargetDependency section */

/* Begin XCBuildConfiguration section */
		52907CF22C2C6D4E008E4CBB /* Debug */ = {
			isa = XCBuildConfiguration;
			buildSettings = {
				ALWAYS_SEARCH_USER_PATHS = NO;
				ASSETCATALOG_COMPILER_GENERATE_SWIFT_ASSET_SYMBOL_EXTENSIONS = YES;
				CLANG_ANALYZER_NONNULL = YES;
				CLANG_ANALYZER_NUMBER_OBJECT_CONVERSION = YES_AGGRESSIVE;
				CLANG_CXX_LANGUAGE_STANDARD = "gnu++20";
				CLANG_ENABLE_MODULES = YES;
				CLANG_ENABLE_OBJC_ARC = YES;
				CLANG_ENABLE_OBJC_WEAK = YES;
				CLANG_WARN_BLOCK_CAPTURE_AUTORELEASING = YES;
				CLANG_WARN_BOOL_CONVERSION = YES;
				CLANG_WARN_COMMA = YES;
				CLANG_WARN_CONSTANT_CONVERSION = YES;
				CLANG_WARN_DEPRECATED_OBJC_IMPLEMENTATIONS = YES;
				CLANG_WARN_DIRECT_OBJC_ISA_USAGE = YES_ERROR;
				CLANG_WARN_DOCUMENTATION_COMMENTS = YES;
				CLANG_WARN_EMPTY_BODY = YES;
				CLANG_WARN_ENUM_CONVERSION = YES;
				CLANG_WARN_INFINITE_RECURSION = YES;
				CLANG_WARN_INT_CONVERSION = YES;
				CLANG_WARN_NON_LITERAL_NULL_CONVERSION = YES;
				CLANG_WARN_OBJC_IMPLICIT_RETAIN_SELF = YES;
				CLANG_WARN_OBJC_LITERAL_CONVERSION = YES;
				CLANG_WARN_OBJC_ROOT_CLASS = YES_ERROR;
				CLANG_WARN_QUOTED_INCLUDE_IN_FRAMEWORK_HEADER = YES;
				CLANG_WARN_RANGE_LOOP_ANALYSIS = YES;
				CLANG_WARN_STRICT_PROTOTYPES = YES;
				CLANG_WARN_SUSPICIOUS_MOVE = YES;
				CLANG_WARN_UNGUARDED_AVAILABILITY = YES_AGGRESSIVE;
				CLANG_WARN_UNREACHABLE_CODE = YES;
				CLANG_WARN__DUPLICATE_METHOD_MATCH = YES;
				COPY_PHASE_STRIP = NO;
				DEBUG_INFORMATION_FORMAT = dwarf;
				ENABLE_STRICT_OBJC_MSGSEND = YES;
				ENABLE_TESTABILITY = YES;
				ENABLE_USER_SCRIPT_SANDBOXING = YES;
				GCC_C_LANGUAGE_STANDARD = gnu17;
				GCC_DYNAMIC_NO_PIC = NO;
				GCC_NO_COMMON_BLOCKS = YES;
				GCC_OPTIMIZATION_LEVEL = 0;
				GCC_PREPROCESSOR_DEFINITIONS = (
					"DEBUG=1",
					"$(inherited)",
				);
				GCC_WARN_64_TO_32_BIT_CONVERSION = YES;
				GCC_WARN_ABOUT_RETURN_TYPE = YES_ERROR;
				GCC_WARN_UNDECLARED_SELECTOR = YES;
				GCC_WARN_UNINITIALIZED_AUTOS = YES_AGGRESSIVE;
				GCC_WARN_UNUSED_FUNCTION = YES;
				GCC_WARN_UNUSED_VARIABLE = YES;
				IPHONEOS_DEPLOYMENT_TARGET = 17.5;
				LOCALIZATION_PREFERS_STRING_CATALOGS = YES;
				MTL_ENABLE_DEBUG_INFO = INCLUDE_SOURCE;
				MTL_FAST_MATH = YES;
				ONLY_ACTIVE_ARCH = YES;
				SDKROOT = iphoneos;
				SWIFT_ACTIVE_COMPILATION_CONDITIONS = "DEBUG $(inherited)";
				SWIFT_OPTIMIZATION_LEVEL = "-Onone";
			};
			name = Debug;
		};
		52907CF32C2C6D4E008E4CBB /* Release */ = {
			isa = XCBuildConfiguration;
			buildSettings = {
				ALWAYS_SEARCH_USER_PATHS = NO;
				ASSETCATALOG_COMPILER_GENERATE_SWIFT_ASSET_SYMBOL_EXTENSIONS = YES;
				CLANG_ANALYZER_NONNULL = YES;
				CLANG_ANALYZER_NUMBER_OBJECT_CONVERSION = YES_AGGRESSIVE;
				CLANG_CXX_LANGUAGE_STANDARD = "gnu++20";
				CLANG_ENABLE_MODULES = YES;
				CLANG_ENABLE_OBJC_ARC = YES;
				CLANG_ENABLE_OBJC_WEAK = YES;
				CLANG_WARN_BLOCK_CAPTURE_AUTORELEASING = YES;
				CLANG_WARN_BOOL_CONVERSION = YES;
				CLANG_WARN_COMMA = YES;
				CLANG_WARN_CONSTANT_CONVERSION = YES;
				CLANG_WARN_DEPRECATED_OBJC_IMPLEMENTATIONS = YES;
				CLANG_WARN_DIRECT_OBJC_ISA_USAGE = YES_ERROR;
				CLANG_WARN_DOCUMENTATION_COMMENTS = YES;
				CLANG_WARN_EMPTY_BODY = YES;
				CLANG_WARN_ENUM_CONVERSION = YES;
				CLANG_WARN_INFINITE_RECURSION = YES;
				CLANG_WARN_INT_CONVERSION = YES;
				CLANG_WARN_NON_LITERAL_NULL_CONVERSION = YES;
				CLANG_WARN_OBJC_IMPLICIT_RETAIN_SELF = YES;
				CLANG_WARN_OBJC_LITERAL_CONVERSION = YES;
				CLANG_WARN_OBJC_ROOT_CLASS = YES_ERROR;
				CLANG_WARN_QUOTED_INCLUDE_IN_FRAMEWORK_HEADER = YES;
				CLANG_WARN_RANGE_LOOP_ANALYSIS = YES;
				CLANG_WARN_STRICT_PROTOTYPES = YES;
				CLANG_WARN_SUSPICIOUS_MOVE = YES;
				CLANG_WARN_UNGUARDED_AVAILABILITY = YES_AGGRESSIVE;
				CLANG_WARN_UNREACHABLE_CODE = YES;
				CLANG_WARN__DUPLICATE_METHOD_MATCH = YES;
				COPY_PHASE_STRIP = NO;
				DEBUG_INFORMATION_FORMAT = "dwarf-with-dsym";
				ENABLE_NS_ASSERTIONS = NO;
				ENABLE_STRICT_OBJC_MSGSEND = YES;
				ENABLE_USER_SCRIPT_SANDBOXING = YES;
				GCC_C_LANGUAGE_STANDARD = gnu17;
				GCC_NO_COMMON_BLOCKS = YES;
				GCC_WARN_64_TO_32_BIT_CONVERSION = YES;
				GCC_WARN_ABOUT_RETURN_TYPE = YES_ERROR;
				GCC_WARN_UNDECLARED_SELECTOR = YES;
				GCC_WARN_UNINITIALIZED_AUTOS = YES_AGGRESSIVE;
				GCC_WARN_UNUSED_FUNCTION = YES;
				GCC_WARN_UNUSED_VARIABLE = YES;
				IPHONEOS_DEPLOYMENT_TARGET = 17.5;
				LOCALIZATION_PREFERS_STRING_CATALOGS = YES;
				MTL_ENABLE_DEBUG_INFO = NO;
				MTL_FAST_MATH = YES;
				SDKROOT = iphoneos;
				SWIFT_COMPILATION_MODE = wholemodule;
				VALIDATE_PRODUCT = YES;
			};
			name = Release;
		};
		52907CF52C2C6D4E008E4CBB /* Debug */ = {
			isa = XCBuildConfiguration;
			buildSettings = {
				ASSETCATALOG_COMPILER_APPICON_NAME = AppIcon;
				ASSETCATALOG_COMPILER_GLOBAL_ACCENT_COLOR_NAME = AccentColor;
				CODE_SIGN_STYLE = Automatic;
				CURRENT_PROJECT_VERSION = 1;
				DEVELOPMENT_ASSET_PATHS = "\"Klarity Final Project/Preview Content\"";
				ENABLE_PREVIEWS = YES;
				GENERATE_INFOPLIST_FILE = YES;
				INFOPLIST_KEY_UIApplicationSceneManifest_Generation = YES;
				INFOPLIST_KEY_UIApplicationSupportsIndirectInputEvents = YES;
				INFOPLIST_KEY_UILaunchScreen_Generation = YES;
				INFOPLIST_KEY_UISupportedInterfaceOrientations_iPad = "UIInterfaceOrientationPortrait UIInterfaceOrientationPortraitUpsideDown UIInterfaceOrientationLandscapeLeft UIInterfaceOrientationLandscapeRight";
				INFOPLIST_KEY_UISupportedInterfaceOrientations_iPhone = "UIInterfaceOrientationPortrait UIInterfaceOrientationLandscapeLeft UIInterfaceOrientationLandscapeRight";
				LD_RUNPATH_SEARCH_PATHS = (
					"$(inherited)",
					"@executable_path/Frameworks",
				);
				MARKETING_VERSION = 1.0;
				PRODUCT_BUNDLE_IDENTIFIER = "kwk.Klarity-Final-Project";
				PRODUCT_NAME = "$(TARGET_NAME)";
				SWIFT_EMIT_LOC_STRINGS = YES;
				SWIFT_VERSION = 5.0;
				TARGETED_DEVICE_FAMILY = "1,2";
			};
			name = Debug;
		};
		52907CF62C2C6D4E008E4CBB /* Release */ = {
			isa = XCBuildConfiguration;
			buildSettings = {
				ASSETCATALOG_COMPILER_APPICON_NAME = AppIcon;
				ASSETCATALOG_COMPILER_GLOBAL_ACCENT_COLOR_NAME = AccentColor;
				CODE_SIGN_STYLE = Automatic;
				CURRENT_PROJECT_VERSION = 1;
				DEVELOPMENT_ASSET_PATHS = "\"Klarity Final Project/Preview Content\"";
				ENABLE_PREVIEWS = YES;
				GENERATE_INFOPLIST_FILE = YES;
				INFOPLIST_KEY_UIApplicationSceneManifest_Generation = YES;
				INFOPLIST_KEY_UIApplicationSupportsIndirectInputEvents = YES;
				INFOPLIST_KEY_UILaunchScreen_Generation = YES;
				INFOPLIST_KEY_UISupportedInterfaceOrientations_iPad = "UIInterfaceOrientationPortrait UIInterfaceOrientationPortraitUpsideDown UIInterfaceOrientationLandscapeLeft UIInterfaceOrientationLandscapeRight";
				INFOPLIST_KEY_UISupportedInterfaceOrientations_iPhone = "UIInterfaceOrientationPortrait UIInterfaceOrientationLandscapeLeft UIInterfaceOrientationLandscapeRight";
				LD_RUNPATH_SEARCH_PATHS = (
					"$(inherited)",
					"@executable_path/Frameworks",
				);
				MARKETING_VERSION = 1.0;
				PRODUCT_BUNDLE_IDENTIFIER = "kwk.Klarity-Final-Project";
				PRODUCT_NAME = "$(TARGET_NAME)";
				SWIFT_EMIT_LOC_STRINGS = YES;
				SWIFT_VERSION = 5.0;
				TARGETED_DEVICE_FAMILY = "1,2";
			};
			name = Release;
		};
		52907CF82C2C6D4E008E4CBB /* Debug */ = {
			isa = XCBuildConfiguration;
			buildSettings = {
				ALWAYS_EMBED_SWIFT_STANDARD_LIBRARIES = YES;
				BUNDLE_LOADER = "$(TEST_HOST)";
				CODE_SIGN_STYLE = Automatic;
				CURRENT_PROJECT_VERSION = 1;
				GENERATE_INFOPLIST_FILE = YES;
				IPHONEOS_DEPLOYMENT_TARGET = 17.5;
				MARKETING_VERSION = 1.0;
				PRODUCT_BUNDLE_IDENTIFIER = "kwk.Klarity-Final-ProjectTests";
				PRODUCT_NAME = "$(TARGET_NAME)";
				SWIFT_EMIT_LOC_STRINGS = NO;
				SWIFT_VERSION = 5.0;
				TARGETED_DEVICE_FAMILY = "1,2";
				TEST_HOST = "$(BUILT_PRODUCTS_DIR)/Klarity Final Project.app/$(BUNDLE_EXECUTABLE_FOLDER_PATH)/Klarity Final Project";
			};
			name = Debug;
		};
		52907CF92C2C6D4E008E4CBB /* Release */ = {
			isa = XCBuildConfiguration;
			buildSettings = {
				ALWAYS_EMBED_SWIFT_STANDARD_LIBRARIES = YES;
				BUNDLE_LOADER = "$(TEST_HOST)";
				CODE_SIGN_STYLE = Automatic;
				CURRENT_PROJECT_VERSION = 1;
				GENERATE_INFOPLIST_FILE = YES;
				IPHONEOS_DEPLOYMENT_TARGET = 17.5;
				MARKETING_VERSION = 1.0;
				PRODUCT_BUNDLE_IDENTIFIER = "kwk.Klarity-Final-ProjectTests";
				PRODUCT_NAME = "$(TARGET_NAME)";
				SWIFT_EMIT_LOC_STRINGS = NO;
				SWIFT_VERSION = 5.0;
				TARGETED_DEVICE_FAMILY = "1,2";
				TEST_HOST = "$(BUILT_PRODUCTS_DIR)/Klarity Final Project.app/$(BUNDLE_EXECUTABLE_FOLDER_PATH)/Klarity Final Project";
			};
			name = Release;
		};
		52907CFB2C2C6D4E008E4CBB /* Debug */ = {
			isa = XCBuildConfiguration;
			buildSettings = {
				ALWAYS_EMBED_SWIFT_STANDARD_LIBRARIES = YES;
				CODE_SIGN_STYLE = Automatic;
				CURRENT_PROJECT_VERSION = 1;
				GENERATE_INFOPLIST_FILE = YES;
				MARKETING_VERSION = 1.0;
				PRODUCT_BUNDLE_IDENTIFIER = "kwk.Klarity-Final-ProjectUITests";
				PRODUCT_NAME = "$(TARGET_NAME)";
				SWIFT_EMIT_LOC_STRINGS = NO;
				SWIFT_VERSION = 5.0;
				TARGETED_DEVICE_FAMILY = "1,2";
				TEST_TARGET_NAME = "Klarity Final Project";
			};
			name = Debug;
		};
		52907CFC2C2C6D4E008E4CBB /* Release */ = {
			isa = XCBuildConfiguration;
			buildSettings = {
				ALWAYS_EMBED_SWIFT_STANDARD_LIBRARIES = YES;
				CODE_SIGN_STYLE = Automatic;
				CURRENT_PROJECT_VERSION = 1;
				GENERATE_INFOPLIST_FILE = YES;
				MARKETING_VERSION = 1.0;
				PRODUCT_BUNDLE_IDENTIFIER = "kwk.Klarity-Final-ProjectUITests";
				PRODUCT_NAME = "$(TARGET_NAME)";
				SWIFT_EMIT_LOC_STRINGS = NO;
				SWIFT_VERSION = 5.0;
				TARGETED_DEVICE_FAMILY = "1,2";
				TEST_TARGET_NAME = "Klarity Final Project";
			};
			name = Release;
		};
/* End XCBuildConfiguration section */

/* Begin XCConfigurationList section */
		52907CCB2C2C6D4B008E4CBB /* Build configuration list for PBXProject "Klarity Final Project" */ = {
			isa = XCConfigurationList;
			buildConfigurations = (
				52907CF22C2C6D4E008E4CBB /* Debug */,
				52907CF32C2C6D4E008E4CBB /* Release */,
			);
			defaultConfigurationIsVisible = 0;
			defaultConfigurationName = Release;
		};
		52907CF42C2C6D4E008E4CBB /* Build configuration list for PBXNativeTarget "Klarity Final Project" */ = {
			isa = XCConfigurationList;
			buildConfigurations = (
				52907CF52C2C6D4E008E4CBB /* Debug */,
				52907CF62C2C6D4E008E4CBB /* Release */,
			);
			defaultConfigurationIsVisible = 0;
			defaultConfigurationName = Release;
		};
		52907CF72C2C6D4E008E4CBB /* Build configuration list for PBXNativeTarget "Klarity Final ProjectTests" */ = {
			isa = XCConfigurationList;
			buildConfigurations = (
				52907CF82C2C6D4E008E4CBB /* Debug */,
				52907CF92C2C6D4E008E4CBB /* Release */,
			);
			defaultConfigurationIsVisible = 0;
			defaultConfigurationName = Release;
		};
		52907CFA2C2C6D4E008E4CBB /* Build configuration list for PBXNativeTarget "Klarity Final ProjectUITests" */ = {
			isa = XCConfigurationList;
			buildConfigurations = (
				52907CFB2C2C6D4E008E4CBB /* Debug */,
				52907CFC2C2C6D4E008E4CBB /* Release */,
			);
			defaultConfigurationIsVisible = 0;
			defaultConfigurationName = Release;
		};
/* End XCConfigurationList section */
	};
	rootObject = 52907CC82C2C6D4B008E4CBB /* Project object */;
}
